
Microsoft Visual Studio Solution File, Format Version 12.00
# Visual Studio Version 18
VisualStudioVersion = 18.3.11222.16
MinimumVisualStudioVersion = 10.0.40219.1
Project("{2150E333-8FDC-42A3-9474-1A3956D46DE8}") = "Modules", "Modules", "{CA253913-39DE-BFD0-C9A3-4B7EC6FBDF17}"
EndProject
Project("{2150E333-8FDC-42A3-9474-1A3956D46DE8}") = "Shared", "Shared", "{74BFE01B-B2FC-AD9C-52F1-5909962549FF}"
EndProject
Project("{FAE04EC0-301F-11D3-BF4B-00C04F79EFBC}") = "BeerCompetition.Shared.Kernel", "Modules\Shared\BeerCompetition.Shared.Kernel\BeerCompetition.Shared.Kernel.csproj", "{EBCFE995-AE6F-4F23-8A86-476F2105E0A6}"
EndProject
Project("{FAE04EC0-301F-11D3-BF4B-00C04F79EFBC}") = "BeerCompetition.Shared.Contracts", "Modules\Shared\BeerCompetition.Shared.Contracts\BeerCompetition.Shared.Contracts.csproj", "{236D0C9D-CF30-4072-A21A-A3F7050A6787}"
EndProject
Project("{FAE04EC0-301F-11D3-BF4B-00C04F79EFBC}") = "BeerCompetition.Shared.Infrastructure", "Modules\Shared\BeerCompetition.Shared.Infrastructure\BeerCompetition.Shared.Infrastructure.csproj", "{DD84A693-8F16-4CB9-8F58-C83ECA8CBF29}"
EndProject
Project("{2150E333-8FDC-42A3-9474-1A3956D46DE8}") = "Competition", "Competition", "{142EC8A7-3ED3-F1D5-72C0-B33FD9E7512F}"
EndProject
Project("{FAE04EC0-301F-11D3-BF4B-00C04F79EFBC}") = "BeerCompetition.Competition.Domain", "Modules\Competition\BeerCompetition.Competition.Domain\BeerCompetition.Competition.Domain.csproj", "{633B9AE5-CE15-42AE-B118-B0727A109B30}"
EndProject
Project("{FAE04EC0-301F-11D3-BF4B-00C04F79EFBC}") = "BeerCompetition.Competition.Application", "Modules\Competition\BeerCompetition.Competition.Application\BeerCompetition.Competition.Application.csproj", "{E4A39387-D186-40C4-9906-357953F01634}"
EndProject
Project("{FAE04EC0-301F-11D3-BF4B-00C04F79EFBC}") = "BeerCompetition.Competition.Infrastructure", "Modules\Competition\BeerCompetition.Competition.Infrastructure\BeerCompetition.Competition.Infrastructure.csproj", "{67F4896F-786D-460E-B946-B464A976014A}"
EndProject
Project("{FAE04EC0-301F-11D3-BF4B-00C04F79EFBC}") = "BeerCompetition.Competition.API", "Modules\Competition\BeerCompetition.Competition.API\BeerCompetition.Competition.API.csproj", "{506EAF6E-5970-4113-B660-BBAB704562BE}"
EndProject
Project("{2150E333-8FDC-42A3-9474-1A3956D46DE8}") = "Host", "Host", "{7226ABEA-787E-1D09-10EA-A2ECF996D6A6}"
EndProject
Project("{FAE04EC0-301F-11D3-BF4B-00C04F79EFBC}") = "BeerCompetition.Host", "Host\BeerCompetition.Host\BeerCompetition.Host.csproj", "{119169C2-473B-4ED3-90F7-16B0F5A348AE}"
EndProject
Project("{2150E333-8FDC-42A3-9474-1A3956D46DE8}") = "Solution Items", "Solution Items", "{59B89FDE-DFC2-45F2-B185-AB0821178C49}"
	ProjectSection(SolutionItems) = preProject
		Directory.Packages.props = Directory.Packages.props
	EndProjectSection
EndProject
Project("{2150E333-8FDC-42A3-9474-1A3956D46DE8}") = "BFF.ApiGateway", "BFF.ApiGateway", "{147CF840-B667-4616-416A-F056E0297269}"
EndProject
Project("{FAE04EC0-301F-11D3-BF4B-00C04F79EFBC}") = "BeerCompetition.BFF.ApiGateway", "BFF.ApiGateway\BeerCompetition.BFF.ApiGateway.csproj", "{7F973523-2799-4C5A-A624-53872F065692}"
EndProject
Project("{2150E333-8FDC-42A3-9474-1A3956D46DE8}") = "BFF.ApiGateway.Tests", "BFF.ApiGateway.Tests", "{64F27D98-8A22-2F1C-7A19-54557E99E73A}"
EndProject
Project("{FAE04EC0-301F-11D3-BF4B-00C04F79EFBC}") = "BeerCompetition.BFF.ApiGateway.Tests", "BFF.ApiGateway.Tests\BeerCompetition.BFF.ApiGateway.Tests.csproj", "{EA0AE406-702A-4EEB-89CB-332BEE9D6469}"
EndProject
Global
	GlobalSection(SolutionConfigurationPlatforms) = preSolution
		Debug|Any CPU = Debug|Any CPU
		Debug|x64 = Debug|x64
		Debug|x86 = Debug|x86
		Release|Any CPU = Release|Any CPU
		Release|x64 = Release|x64
		Release|x86 = Release|x86
	EndGlobalSection
	GlobalSection(ProjectConfigurationPlatforms) = postSolution
		{EBCFE995-AE6F-4F23-8A86-476F2105E0A6}.Debug|Any CPU.ActiveCfg = Debug|Any CPU
		{EBCFE995-AE6F-4F23-8A86-476F2105E0A6}.Debug|Any CPU.Build.0 = Debug|Any CPU
		{EBCFE995-AE6F-4F23-8A86-476F2105E0A6}.Debug|x64.ActiveCfg = Debug|Any CPU
		{EBCFE995-AE6F-4F23-8A86-476F2105E0A6}.Debug|x64.Build.0 = Debug|Any CPU
		{EBCFE995-AE6F-4F23-8A86-476F2105E0A6}.Debug|x86.ActiveCfg = Debug|Any CPU
		{EBCFE995-AE6F-4F23-8A86-476F2105E0A6}.Debug|x86.Build.0 = Debug|Any CPU
		{EBCFE995-AE6F-4F23-8A86-476F2105E0A6}.Release|Any CPU.ActiveCfg = Release|Any CPU
		{EBCFE995-AE6F-4F23-8A86-476F2105E0A6}.Release|Any CPU.Build.0 = Release|Any CPU
		{EBCFE995-AE6F-4F23-8A86-476F2105E0A6}.Release|x64.ActiveCfg = Release|Any CPU
		{EBCFE995-AE6F-4F23-8A86-476F2105E0A6}.Release|x64.Build.0 = Release|Any CPU
		{EBCFE995-AE6F-4F23-8A86-476F2105E0A6}.Release|x86.ActiveCfg = Release|Any CPU
		{EBCFE995-AE6F-4F23-8A86-476F2105E0A6}.Release|x86.Build.0 = Release|Any CPU
		{236D0C9D-CF30-4072-A21A-A3F7050A6787}.Debug|Any CPU.ActiveCfg = Debug|Any CPU
		{236D0C9D-CF30-4072-A21A-A3F7050A6787}.Debug|Any CPU.Build.0 = Debug|Any CPU
		{236D0C9D-CF30-4072-A21A-A3F7050A6787}.Debug|x64.ActiveCfg = Debug|Any CPU
		{236D0C9D-CF30-4072-A21A-A3F7050A6787}.Debug|x64.Build.0 = Debug|Any CPU
		{236D0C9D-CF30-4072-A21A-A3F7050A6787}.Debug|x86.ActiveCfg = Debug|Any CPU
		{236D0C9D-CF30-4072-A21A-A3F7050A6787}.Debug|x86.Build.0 = Debug|Any CPU
		{236D0C9D-CF30-4072-A21A-A3F7050A6787}.Release|Any CPU.ActiveCfg = Release|Any CPU
		{236D0C9D-CF30-4072-A21A-A3F7050A6787}.Release|Any CPU.Build.0 = Release|Any CPU
		{236D0C9D-CF30-4072-A21A-A3F7050A6787}.Release|x64.ActiveCfg = Release|Any CPU
		{236D0C9D-CF30-4072-A21A-A3F7050A6787}.Release|x64.Build.0 = Release|Any CPU
		{236D0C9D-CF30-4072-A21A-A3F7050A6787}.Release|x86.ActiveCfg = Release|Any CPU
		{236D0C9D-CF30-4072-A21A-A3F7050A6787}.Release|x86.Build.0 = Release|Any CPU
		{DD84A693-8F16-4CB9-8F58-C83ECA8CBF29}.Debug|Any CPU.ActiveCfg = Debug|Any CPU
		{DD84A693-8F16-4CB9-8F58-C83ECA8CBF29}.Debug|Any CPU.Build.0 = Debug|Any CPU
		{DD84A693-8F16-4CB9-8F58-C83ECA8CBF29}.Debug|x64.ActiveCfg = Debug|Any CPU
		{DD84A693-8F16-4CB9-8F58-C83ECA8CBF29}.Debug|x64.Build.0 = Debug|Any CPU
		{DD84A693-8F16-4CB9-8F58-C83ECA8CBF29}.Debug|x86.ActiveCfg = Debug|Any CPU
		{DD84A693-8F16-4CB9-8F58-C83ECA8CBF29}.Debug|x86.Build.0 = Debug|Any CPU
		{DD84A693-8F16-4CB9-8F58-C83ECA8CBF29}.Release|Any CPU.ActiveCfg = Release|Any CPU
		{DD84A693-8F16-4CB9-8F58-C83ECA8CBF29}.Release|Any CPU.Build.0 = Release|Any CPU
		{DD84A693-8F16-4CB9-8F58-C83ECA8CBF29}.Release|x64.ActiveCfg = Release|Any CPU
		{DD84A693-8F16-4CB9-8F58-C83ECA8CBF29}.Release|x64.Build.0 = Release|Any CPU
		{DD84A693-8F16-4CB9-8F58-C83ECA8CBF29}.Release|x86.ActiveCfg = Release|Any CPU
		{DD84A693-8F16-4CB9-8F58-C83ECA8CBF29}.Release|x86.Build.0 = Release|Any CPU
		{633B9AE5-CE15-42AE-B118-B0727A109B30}.Debug|Any CPU.ActiveCfg = Debug|Any CPU
		{633B9AE5-CE15-42AE-B118-B0727A109B30}.Debug|Any CPU.Build.0 = Debug|Any CPU
		{633B9AE5-CE15-42AE-B118-B0727A109B30}.Debug|x64.ActiveCfg = Debug|Any CPU
		{633B9AE5-CE15-42AE-B118-B0727A109B30}.Debug|x64.Build.0 = Debug|Any CPU
		{633B9AE5-CE15-42AE-B118-B0727A109B30}.Debug|x86.ActiveCfg = Debug|Any CPU
		{633B9AE5-CE15-42AE-B118-B0727A109B30}.Debug|x86.Build.0 = Debug|Any CPU
		{633B9AE5-CE15-42AE-B118-B0727A109B30}.Release|Any CPU.ActiveCfg = Release|Any CPU
		{633B9AE5-CE15-42AE-B118-B0727A109B30}.Release|Any CPU.Build.0 = Release|Any CPU
		{633B9AE5-CE15-42AE-B118-B0727A109B30}.Release|x64.ActiveCfg = Release|Any CPU
		{633B9AE5-CE15-42AE-B118-B0727A109B30}.Release|x64.Build.0 = Release|Any CPU
		{633B9AE5-CE15-42AE-B118-B0727A109B30}.Release|x86.ActiveCfg = Release|Any CPU
		{633B9AE5-CE15-42AE-B118-B0727A109B30}.Release|x86.Build.0 = Release|Any CPU
		{E4A39387-D186-40C4-9906-357953F01634}.Debug|Any CPU.ActiveCfg = Debug|Any CPU
		{E4A39387-D186-40C4-9906-357953F01634}.Debug|Any CPU.Build.0 = Debug|Any CPU
		{E4A39387-D186-40C4-9906-357953F01634}.Debug|x64.ActiveCfg = Debug|Any CPU
		{E4A39387-D186-40C4-9906-357953F01634}.Debug|x64.Build.0 = Debug|Any CPU
		{E4A39387-D186-40C4-9906-357953F01634}.Debug|x86.ActiveCfg = Debug|Any CPU
		{E4A39387-D186-40C4-9906-357953F01634}.Debug|x86.Build.0 = Debug|Any CPU
		{E4A39387-D186-40C4-9906-357953F01634}.Release|Any CPU.ActiveCfg = Release|Any CPU
		{E4A39387-D186-40C4-9906-357953F01634}.Release|Any CPU.Build.0 = Release|Any CPU
		{E4A39387-D186-40C4-9906-357953F01634}.Release|x64.ActiveCfg = Release|Any CPU
		{E4A39387-D186-40C4-9906-357953F01634}.Release|x64.Build.0 = Release|Any CPU
		{E4A39387-D186-40C4-9906-357953F01634}.Release|x86.ActiveCfg = Release|Any CPU
		{E4A39387-D186-40C4-9906-357953F01634}.Release|x86.Build.0 = Release|Any CPU
		{67F4896F-786D-460E-B946-B464A976014A}.Debug|Any CPU.ActiveCfg = Debug|Any CPU
		{67F4896F-786D-460E-B946-B464A976014A}.Debug|Any CPU.Build.0 = Debug|Any CPU
		{67F4896F-786D-460E-B946-B464A976014A}.Debug|x64.ActiveCfg = Debug|Any CPU
		{67F4896F-786D-460E-B946-B464A976014A}.Debug|x64.Build.0 = Debug|Any CPU
		{67F4896F-786D-460E-B946-B464A976014A}.Debug|x86.ActiveCfg = Debug|Any CPU
		{67F4896F-786D-460E-B946-B464A976014A}.Debug|x86.Build.0 = Debug|Any CPU
		{67F4896F-786D-460E-B946-B464A976014A}.Release|Any CPU.ActiveCfg = Release|Any CPU
		{67F4896F-786D-460E-B946-B464A976014A}.Release|Any CPU.Build.0 = Release|Any CPU
		{67F4896F-786D-460E-B946-B464A976014A}.Release|x64.ActiveCfg = Release|Any CPU
		{67F4896F-786D-460E-B946-B464A976014A}.Release|x64.Build.0 = Release|Any CPU
		{67F4896F-786D-460E-B946-B464A976014A}.Release|x86.ActiveCfg = Release|Any CPU
		{67F4896F-786D-460E-B946-B464A976014A}.Release|x86.Build.0 = Release|Any CPU
		{506EAF6E-5970-4113-B660-BBAB704562BE}.Debug|Any CPU.ActiveCfg = Debug|Any CPU
		{506EAF6E-5970-4113-B660-BBAB704562BE}.Debug|Any CPU.Build.0 = Debug|Any CPU
		{506EAF6E-5970-4113-B660-BBAB704562BE}.Debug|x64.ActiveCfg = Debug|Any CPU
		{506EAF6E-5970-4113-B660-BBAB704562BE}.Debug|x64.Build.0 = Debug|Any CPU
		{506EAF6E-5970-4113-B660-BBAB704562BE}.Debug|x86.ActiveCfg = Debug|Any CPU
		{506EAF6E-5970-4113-B660-BBAB704562BE}.Debug|x86.Build.0 = Debug|Any CPU
		{506EAF6E-5970-4113-B660-BBAB704562BE}.Release|Any CPU.ActiveCfg = Release|Any CPU
		{506EAF6E-5970-4113-B660-BBAB704562BE}.Release|Any CPU.Build.0 = Release|Any CPU
		{506EAF6E-5970-4113-B660-BBAB704562BE}.Release|x64.ActiveCfg = Release|Any CPU
		{506EAF6E-5970-4113-B660-BBAB704562BE}.Release|x64.Build.0 = Release|Any CPU
		{506EAF6E-5970-4113-B660-BBAB704562BE}.Release|x86.ActiveCfg = Release|Any CPU
		{506EAF6E-5970-4113-B660-BBAB704562BE}.Release|x86.Build.0 = Release|Any CPU
		{119169C2-473B-4ED3-90F7-16B0F5A348AE}.Debug|Any CPU.ActiveCfg = Debug|Any CPU
		{119169C2-473B-4ED3-90F7-16B0F5A348AE}.Debug|Any CPU.Build.0 = Debug|Any CPU
		{119169C2-473B-4ED3-90F7-16B0F5A348AE}.Debug|x64.ActiveCfg = Debug|Any CPU
		{119169C2-473B-4ED3-90F7-16B0F5A348AE}.Debug|x64.Build.0 = Debug|Any CPU
		{119169C2-473B-4ED3-90F7-16B0F5A348AE}.Debug|x86.ActiveCfg = Debug|Any CPU
		{119169C2-473B-4ED3-90F7-16B0F5A348AE}.Debug|x86.Build.0 = Debug|Any CPU
		{119169C2-473B-4ED3-90F7-16B0F5A348AE}.Release|Any CPU.ActiveCfg = Release|Any CPU
		{119169C2-473B-4ED3-90F7-16B0F5A348AE}.Release|Any CPU.Build.0 = Release|Any CPU
		{119169C2-473B-4ED3-90F7-16B0F5A348AE}.Release|x64.ActiveCfg = Release|Any CPU
		{119169C2-473B-4ED3-90F7-16B0F5A348AE}.Release|x64.Build.0 = Release|Any CPU
		{119169C2-473B-4ED3-90F7-16B0F5A348AE}.Release|x86.ActiveCfg = Release|Any CPU
		{119169C2-473B-4ED3-90F7-16B0F5A348AE}.Release|x86.Build.0 = Release|Any CPU
		{7F973523-2799-4C5A-A624-53872F065692}.Debug|Any CPU.ActiveCfg = Debug|Any CPU
		{7F973523-2799-4C5A-A624-53872F065692}.Debug|Any CPU.Build.0 = Debug|Any CPU
		{7F973523-2799-4C5A-A624-53872F065692}.Debug|x64.ActiveCfg = Debug|Any CPU
		{7F973523-2799-4C5A-A624-53872F065692}.Debug|x64.Build.0 = Debug|Any CPU
		{7F973523-2799-4C5A-A624-53872F065692}.Debug|x86.ActiveCfg = Debug|Any CPU
		{7F973523-2799-4C5A-A624-53872F065692}.Debug|x86.Build.0 = Debug|Any CPU
		{7F973523-2799-4C5A-A624-53872F065692}.Release|Any CPU.ActiveCfg = Release|Any CPU
		{7F973523-2799-4C5A-A624-53872F065692}.Release|Any CPU.Build.0 = Release|Any CPU
		{7F973523-2799-4C5A-A624-53872F065692}.Release|x64.ActiveCfg = Release|Any CPU
		{7F973523-2799-4C5A-A624-53872F065692}.Release|x64.Build.0 = Release|Any CPU
		{7F973523-2799-4C5A-A624-53872F065692}.Release|x86.ActiveCfg = Release|Any CPU
		{7F973523-2799-4C5A-A624-53872F065692}.Release|x86.Build.0 = Release|Any CPU
		{EA0AE406-702A-4EEB-89CB-332BEE9D6469}.Debug|Any CPU.ActiveCfg = Debug|Any CPU
		{EA0AE406-702A-4EEB-89CB-332BEE9D6469}.Debug|Any CPU.Build.0 = Debug|Any CPU
		{EA0AE406-702A-4EEB-89CB-332BEE9D6469}.Debug|x64.ActiveCfg = Debug|Any CPU
		{EA0AE406-702A-4EEB-89CB-332BEE9D6469}.Debug|x64.Build.0 = Debug|Any CPU
		{EA0AE406-702A-4EEB-89CB-332BEE9D6469}.Debug|x86.ActiveCfg = Debug|Any CPU
		{EA0AE406-702A-4EEB-89CB-332BEE9D6469}.Debug|x86.Build.0 = Debug|Any CPU
		{EA0AE406-702A-4EEB-89CB-332BEE9D6469}.Release|Any CPU.ActiveCfg = Release|Any CPU
		{EA0AE406-702A-4EEB-89CB-332BEE9D6469}.Release|Any CPU.Build.0 = Release|Any CPU
		{EA0AE406-702A-4EEB-89CB-332BEE9D6469}.Release|x64.ActiveCfg = Release|Any CPU
		{EA0AE406-702A-4EEB-89CB-332BEE9D6469}.Release|x64.Build.0 = Release|Any CPU
		{EA0AE406-702A-4EEB-89CB-332BEE9D6469}.Release|x86.ActiveCfg = Release|Any CPU
		{EA0AE406-702A-4EEB-89CB-332BEE9D6469}.Release|x86.Build.0 = Release|Any CPU
	EndGlobalSection
	GlobalSection(SolutionProperties) = preSolution
		HideSolutionNode = FALSE
	EndGlobalSection
	GlobalSection(NestedProjects) = preSolution
		{74BFE01B-B2FC-AD9C-52F1-5909962549FF} = {CA253913-39DE-BFD0-C9A3-4B7EC6FBDF17}
		{EBCFE995-AE6F-4F23-8A86-476F2105E0A6} = {74BFE01B-B2FC-AD9C-52F1-5909962549FF}
		{236D0C9D-CF30-4072-A21A-A3F7050A6787} = {74BFE01B-B2FC-AD9C-52F1-5909962549FF}
		{DD84A693-8F16-4CB9-8F58-C83ECA8CBF29} = {74BFE01B-B2FC-AD9C-52F1-5909962549FF}
		{142EC8A7-3ED3-F1D5-72C0-B33FD9E7512F} = {CA253913-39DE-BFD0-C9A3-4B7EC6FBDF17}
		{633B9AE5-CE15-42AE-B118-B0727A109B30} = {142EC8A7-3ED3-F1D5-72C0-B33FD9E7512F}
		{E4A39387-D186-40C4-9906-357953F01634} = {142EC8A7-3ED3-F1D5-72C0-B33FD9E7512F}
		{67F4896F-786D-460E-B946-B464A976014A} = {142EC8A7-3ED3-F1D5-72C0-B33FD9E7512F}
		{506EAF6E-5970-4113-B660-BBAB704562BE} = {142EC8A7-3ED3-F1D5-72C0-B33FD9E7512F}
		{119169C2-473B-4ED3-90F7-16B0F5A348AE} = {7226ABEA-787E-1D09-10EA-A2ECF996D6A6}
		{7F973523-2799-4C5A-A624-53872F065692} = {147CF840-B667-4616-416A-F056E0297269}
		{EA0AE406-702A-4EEB-89CB-332BEE9D6469} = {64F27D98-8A22-2F1C-7A19-54557E99E73A}
	EndGlobalSection
	GlobalSection(ExtensibilityGlobals) = postSolution
		SolutionGuid = {E9AF8E10-D787-472B-934A-09E0A65C2B0C}
	EndGlobalSection
EndGlobal
